
Microsoft Visual Studio Solution File, Format Version 12.00
# Visual Studio Version 16
VisualStudioVersion = 16.0.29728.190
MinimumVisualStudioVersion = 10.0.40219.1
Project("{FAE04EC0-301F-11D3-BF4B-00C04F79EFBC}") = "Harjoitus10c_test", "Harjoitus10c_test\Harjoitus10c_test.csproj", "{38748D8D-F478-4D80-83A1-99A7F0DBF686}"
EndProject
Global
	GlobalSection(SolutionConfigurationPlatforms) = preSolution
		Debug|Any CPU = Debug|Any CPU
		Release|Any CPU = Release|Any CPU
	EndGlobalSection
	GlobalSection(ProjectConfigurationPlatforms) = postSolution
		{38748D8D-F478-4D80-83A1-99A7F0DBF686}.Debug|Any CPU.ActiveCfg = Debug|Any CPU
		{38748D8D-F478-4D80-83A1-99A7F0DBF686}.Debug|Any CPU.Build.0 = Debug|Any CPU
		{38748D8D-F478-4D80-83A1-99A7F0DBF686}.Release|Any CPU.ActiveCfg = Release|Any CPU
		{38748D8D-F478-4D80-83A1-99A7F0DBF686}.Release|Any CPU.Build.0 = Release|Any CPU
	EndGlobalSection
	GlobalSection(SolutionProperties) = preSolution
		HideSolutionNode = FALSE
	EndGlobalSection
	GlobalSection(ExtensibilityGlobals) = postSolution
		SolutionGuid = {2B0713D7-87C5-4EB5-8B57-87503E952ACF}
	EndGlobalSection
EndGlobal
